
Microsoft Visual Studio Solution File, Format Version 12.00
# Visual Studio 15
VisualStudioVersion = 15.0.26730.16
MinimumVisualStudioVersion = 10.0.40219.1
Project("{8BC9CEB8-8B4A-11D0-8D11-00A0C91BC942}") = "01 Inverse Captcha", "01 Inverse Captcha\01 Inverse Captcha.vcxproj", "{B5313C0F-717D-4AF0-B85A-B878B6E1BA48}"
EndProject
Project("{8BC9CEB8-8B4A-11D0-8D11-00A0C91BC942}") = "02 Corruption Checksum", "02 Corruption Checksum\02 Corruption Checksum.vcxproj", "{3D387D23-AFF7-481B-B661-24FBD19E6207}"
EndProject
Project("{8BC9CEB8-8B4A-11D0-8D11-00A0C91BC942}") = "03 Spiral Memory", "03 Spiral Memory\03 Spiral Memory.vcxproj", "{FE66A423-1644-4D9F-8303-33FB861DFCFB}"
EndProject
Project("{8BC9CEB8-8B4A-11D0-8D11-00A0C91BC942}") = "04 High-Entropy Passphrases", "04 High-Entropy Passphrases\04 High-Entropy Passphrases.vcxproj", "{9F3A6A91-3ABC-4DCB-9C2F-B58879184874}"
EndProject
Project("{8BC9CEB8-8B4A-11D0-8D11-00A0C91BC942}") = "05 A Maze of Twisty Trampolines", "05 A Maze of Twisty Trampolines\05 A Maze of Twisty Trampolines.vcxproj", "{3730A3CA-56BF-4981-9205-C44E8BB5848A}"
EndProject
Project("{8BC9CEB8-8B4A-11D0-8D11-00A0C91BC942}") = "06 Memory Reallocation", "06 Memory Reallocation\06 Memory Reallocation.vcxproj", "{04B52A62-18DB-466C-9538-98C94F97B65E}"
EndProject
Project("{8BC9CEB8-8B4A-11D0-8D11-00A0C91BC942}") = "07 Recursive Circus", "07 Recursive Circus\07 Recursive Circus.vcxproj", "{3F71FC0A-F29F-4F55-838A-9585E05C3F21}"
EndProject
Project("{8BC9CEB8-8B4A-11D0-8D11-00A0C91BC942}") = "08 I Heard You Like Registers", "08 I Heard You Like Registers\08 I Heard You Like Registers.vcxproj", "{F5DB1BAC-9B4A-46A5-8C64-EE126A1E069E}"
EndProject
Project("{8BC9CEB8-8B4A-11D0-8D11-00A0C91BC942}") = "09 Stream Processing", "09 Stream Processing\09 Stream Processing.vcxproj", "{F720DFD4-72CB-496A-B72C-35EFEDC3636F}"
EndProject
Project("{8BC9CEB8-8B4A-11D0-8D11-00A0C91BC942}") = "10 Knot Hash", "10 Knot Hash\10 Knot Hash.vcxproj", "{882C897D-1280-494A-9ABB-7FBFCDED875E}"
EndProject
Project("{8BC9CEB8-8B4A-11D0-8D11-00A0C91BC942}") = "11 Hex Ed", "11 Hex Ed\11 Hex Ed.vcxproj", "{F1CED492-D5EE-4C8D-A6FD-4C67E88F7F13}"
EndProject
Project("{8BC9CEB8-8B4A-11D0-8D11-00A0C91BC942}") = "12 Digital Plumber", "12 Digital Plumber\12 Digital Plumber.vcxproj", "{9F705213-E9CD-458B-BD01-71D82E801840}"
EndProject
Project("{8BC9CEB8-8B4A-11D0-8D11-00A0C91BC942}") = "13 Packet Scanners", "13 Packet Scanners\13 Packet Scanners.vcxproj", "{D91941B0-6F79-4EED-A3CE-C4B0C5AA70CA}"
EndProject
Project("{8BC9CEB8-8B4A-11D0-8D11-00A0C91BC942}") = "14 Disk Defragmentation", "14 Disk Defragmentation\14 Disk Defragmentation.vcxproj", "{005ED682-F41D-494F-996C-6B3D36B41835}"
EndProject
Project("{8BC9CEB8-8B4A-11D0-8D11-00A0C91BC942}") = "16 Permutation Promenade", "16 Permutation Promenade\16 Permutation Promenade.vcxproj", "{2100671C-ED41-4BA9-859B-4DA59AB86DD5}"
EndProject
Project("{8BC9CEB8-8B4A-11D0-8D11-00A0C91BC942}") = "17 Spinlock", "17 Spinlock\17 Spinlock.vcxproj", "{A4DB1A4E-E136-42C1-8D7C-7855DF8C1F1B}"
EndProject
Project("{8BC9CEB8-8B4A-11D0-8D11-00A0C91BC942}") = "18 Duet", "18 Duet\18 Duet.vcxproj", "{961753B6-9DA0-4202-BFAA-7BA3877F4379}"
EndProject
Project("{8BC9CEB8-8B4A-11D0-8D11-00A0C91BC942}") = "19 A Series of Tubes", "19 A Series of Tubes\19 A Series of Tubes.vcxproj", "{54C1CAD5-2A5C-49E2-9493-4E63086A5047}"
EndProject
Project("{8BC9CEB8-8B4A-11D0-8D11-00A0C91BC942}") = "23 Coprocessor Conflagration", "23 Coprocessor Conflagration\23 Coprocessor Conflagration.vcxproj", "{2E8C9323-8A34-438E-BB39-9BA155F81B75}"
EndProject
Project("{8BC9CEB8-8B4A-11D0-8D11-00A0C91BC942}") = "20 Particle Swarm", "20 Particle Swarm\20 Particle Swarm.vcxproj", "{C9A0A172-CB04-4053-A826-548454A85D7E}"
EndProject
Project("{8BC9CEB8-8B4A-11D0-8D11-00A0C91BC942}") = "21 Fractal Art", "21 Fractal Art\21 Fractal Art.vcxproj", "{E52238A7-AF10-420C-80E9-E4BE8D53C3E0}"
EndProject
Project("{8BC9CEB8-8B4A-11D0-8D11-00A0C91BC942}") = "22 Sporifica Virus", "22 Sporifica Virus\22 Sporifica Virus.vcxproj", "{A3BD473D-FCA2-498C-AB41-B1FC8312EB2C}"
EndProject
Project("{8BC9CEB8-8B4A-11D0-8D11-00A0C91BC942}") = "24 Electromagnetic Moat", "24 Electromagnetic Moat\24 Electromagnetic Moat.vcxproj", "{F92DCDE5-C6CF-4828-B59E-C8E99C6BA455}"
EndProject
Project("{8BC9CEB8-8B4A-11D0-8D11-00A0C91BC942}") = "25 The Halting Problem", "25 The Halting Problem\25 The Halting Problem.vcxproj", "{CEAEF7F0-38B7-4B1D-81F1-B37344A33306}"
EndProject
Global
	GlobalSection(SolutionConfigurationPlatforms) = preSolution
		Debug|x64 = Debug|x64
		Debug|x86 = Debug|x86
		Release|x64 = Release|x64
		Release|x86 = Release|x86
	EndGlobalSection
	GlobalSection(ProjectConfigurationPlatforms) = postSolution
		{B5313C0F-717D-4AF0-B85A-B878B6E1BA48}.Debug|x64.ActiveCfg = Debug|x64
		{B5313C0F-717D-4AF0-B85A-B878B6E1BA48}.Debug|x64.Build.0 = Debug|x64
		{B5313C0F-717D-4AF0-B85A-B878B6E1BA48}.Debug|x86.ActiveCfg = Debug|Win32
		{B5313C0F-717D-4AF0-B85A-B878B6E1BA48}.Debug|x86.Build.0 = Debug|Win32
		{B5313C0F-717D-4AF0-B85A-B878B6E1BA48}.Release|x64.ActiveCfg = Release|x64
		{B5313C0F-717D-4AF0-B85A-B878B6E1BA48}.Release|x64.Build.0 = Release|x64
		{B5313C0F-717D-4AF0-B85A-B878B6E1BA48}.Release|x86.ActiveCfg = Release|Win32
		{B5313C0F-717D-4AF0-B85A-B878B6E1BA48}.Release|x86.Build.0 = Release|Win32
		{3D387D23-AFF7-481B-B661-24FBD19E6207}.Debug|x64.ActiveCfg = Debug|x64
		{3D387D23-AFF7-481B-B661-24FBD19E6207}.Debug|x64.Build.0 = Debug|x64
		{3D387D23-AFF7-481B-B661-24FBD19E6207}.Debug|x86.ActiveCfg = Debug|Win32
		{3D387D23-AFF7-481B-B661-24FBD19E6207}.Debug|x86.Build.0 = Debug|Win32
		{3D387D23-AFF7-481B-B661-24FBD19E6207}.Release|x64.ActiveCfg = Release|x64
		{3D387D23-AFF7-481B-B661-24FBD19E6207}.Release|x64.Build.0 = Release|x64
		{3D387D23-AFF7-481B-B661-24FBD19E6207}.Release|x86.ActiveCfg = Release|Win32
		{3D387D23-AFF7-481B-B661-24FBD19E6207}.Release|x86.Build.0 = Release|Win32
		{FE66A423-1644-4D9F-8303-33FB861DFCFB}.Debug|x64.ActiveCfg = Debug|x64
		{FE66A423-1644-4D9F-8303-33FB861DFCFB}.Debug|x64.Build.0 = Debug|x64
		{FE66A423-1644-4D9F-8303-33FB861DFCFB}.Debug|x86.ActiveCfg = Debug|Win32
		{FE66A423-1644-4D9F-8303-33FB861DFCFB}.Debug|x86.Build.0 = Debug|Win32
		{FE66A423-1644-4D9F-8303-33FB861DFCFB}.Release|x64.ActiveCfg = Release|x64
		{FE66A423-1644-4D9F-8303-33FB861DFCFB}.Release|x64.Build.0 = Release|x64
		{FE66A423-1644-4D9F-8303-33FB861DFCFB}.Release|x86.ActiveCfg = Release|Win32
		{FE66A423-1644-4D9F-8303-33FB861DFCFB}.Release|x86.Build.0 = Release|Win32
		{9F3A6A91-3ABC-4DCB-9C2F-B58879184874}.Debug|x64.ActiveCfg = Debug|x64
		{9F3A6A91-3ABC-4DCB-9C2F-B58879184874}.Debug|x64.Build.0 = Debug|x64
		{9F3A6A91-3ABC-4DCB-9C2F-B58879184874}.Debug|x86.ActiveCfg = Debug|Win32
		{9F3A6A91-3ABC-4DCB-9C2F-B58879184874}.Debug|x86.Build.0 = Debug|Win32
		{9F3A6A91-3ABC-4DCB-9C2F-B58879184874}.Release|x64.ActiveCfg = Release|x64
		{9F3A6A91-3ABC-4DCB-9C2F-B58879184874}.Release|x64.Build.0 = Release|x64
		{9F3A6A91-3ABC-4DCB-9C2F-B58879184874}.Release|x86.ActiveCfg = Release|Win32
		{9F3A6A91-3ABC-4DCB-9C2F-B58879184874}.Release|x86.Build.0 = Release|Win32
		{3730A3CA-56BF-4981-9205-C44E8BB5848A}.Debug|x64.ActiveCfg = Debug|x64
		{3730A3CA-56BF-4981-9205-C44E8BB5848A}.Debug|x64.Build.0 = Debug|x64
		{3730A3CA-56BF-4981-9205-C44E8BB5848A}.Debug|x86.ActiveCfg = Debug|Win32
		{3730A3CA-56BF-4981-9205-C44E8BB5848A}.Debug|x86.Build.0 = Debug|Win32
		{3730A3CA-56BF-4981-9205-C44E8BB5848A}.Release|x64.ActiveCfg = Release|x64
		{3730A3CA-56BF-4981-9205-C44E8BB5848A}.Release|x64.Build.0 = Release|x64
		{3730A3CA-56BF-4981-9205-C44E8BB5848A}.Release|x86.ActiveCfg = Release|Win32
		{3730A3CA-56BF-4981-9205-C44E8BB5848A}.Release|x86.Build.0 = Release|Win32
		{04B52A62-18DB-466C-9538-98C94F97B65E}.Debug|x64.ActiveCfg = Debug|x64
		{04B52A62-18DB-466C-9538-98C94F97B65E}.Debug|x64.Build.0 = Debug|x64
		{04B52A62-18DB-466C-9538-98C94F97B65E}.Debug|x86.ActiveCfg = Debug|Win32
		{04B52A62-18DB-466C-9538-98C94F97B65E}.Debug|x86.Build.0 = Debug|Win32
		{04B52A62-18DB-466C-9538-98C94F97B65E}.Release|x64.ActiveCfg = Release|x64
		{04B52A62-18DB-466C-9538-98C94F97B65E}.Release|x64.Build.0 = Release|x64
		{04B52A62-18DB-466C-9538-98C94F97B65E}.Release|x86.ActiveCfg = Release|Win32
		{04B52A62-18DB-466C-9538-98C94F97B65E}.Release|x86.Build.0 = Release|Win32
		{3F71FC0A-F29F-4F55-838A-9585E05C3F21}.Debug|x64.ActiveCfg = Debug|x64
		{3F71FC0A-F29F-4F55-838A-9585E05C3F21}.Debug|x64.Build.0 = Debug|x64
		{3F71FC0A-F29F-4F55-838A-9585E05C3F21}.Debug|x86.ActiveCfg = Debug|Win32
		{3F71FC0A-F29F-4F55-838A-9585E05C3F21}.Debug|x86.Build.0 = Debug|Win32
		{3F71FC0A-F29F-4F55-838A-9585E05C3F21}.Release|x64.ActiveCfg = Release|x64
		{3F71FC0A-F29F-4F55-838A-9585E05C3F21}.Release|x64.Build.0 = Release|x64
		{3F71FC0A-F29F-4F55-838A-9585E05C3F21}.Release|x86.ActiveCfg = Release|Win32
		{3F71FC0A-F29F-4F55-838A-9585E05C3F21}.Release|x86.Build.0 = Release|Win32
		{F5DB1BAC-9B4A-46A5-8C64-EE126A1E069E}.Debug|x64.ActiveCfg = Debug|x64
		{F5DB1BAC-9B4A-46A5-8C64-EE126A1E069E}.Debug|x64.Build.0 = Debug|x64
		{F5DB1BAC-9B4A-46A5-8C64-EE126A1E069E}.Debug|x86.ActiveCfg = Debug|Win32
		{F5DB1BAC-9B4A-46A5-8C64-EE126A1E069E}.Debug|x86.Build.0 = Debug|Win32
		{F5DB1BAC-9B4A-46A5-8C64-EE126A1E069E}.Release|x64.ActiveCfg = Release|x64
		{F5DB1BAC-9B4A-46A5-8C64-EE126A1E069E}.Release|x64.Build.0 = Release|x64
		{F5DB1BAC-9B4A-46A5-8C64-EE126A1E069E}.Release|x86.ActiveCfg = Release|Win32
		{F5DB1BAC-9B4A-46A5-8C64-EE126A1E069E}.Release|x86.Build.0 = Release|Win32
		{F720DFD4-72CB-496A-B72C-35EFEDC3636F}.Debug|x64.ActiveCfg = Debug|x64
		{F720DFD4-72CB-496A-B72C-35EFEDC3636F}.Debug|x64.Build.0 = Debug|x64
		{F720DFD4-72CB-496A-B72C-35EFEDC3636F}.Debug|x86.ActiveCfg = Debug|Win32
		{F720DFD4-72CB-496A-B72C-35EFEDC3636F}.Debug|x86.Build.0 = Debug|Win32
		{F720DFD4-72CB-496A-B72C-35EFEDC3636F}.Release|x64.ActiveCfg = Release|x64
		{F720DFD4-72CB-496A-B72C-35EFEDC3636F}.Release|x64.Build.0 = Release|x64
		{F720DFD4-72CB-496A-B72C-35EFEDC3636F}.Release|x86.ActiveCfg = Release|Win32
		{F720DFD4-72CB-496A-B72C-35EFEDC3636F}.Release|x86.Build.0 = Release|Win32
		{882C897D-1280-494A-9ABB-7FBFCDED875E}.Debug|x64.ActiveCfg = Debug|x64
		{882C897D-1280-494A-9ABB-7FBFCDED875E}.Debug|x64.Build.0 = Debug|x64
		{882C897D-1280-494A-9ABB-7FBFCDED875E}.Debug|x86.ActiveCfg = Debug|Win32
		{882C897D-1280-494A-9ABB-7FBFCDED875E}.Debug|x86.Build.0 = Debug|Win32
		{882C897D-1280-494A-9ABB-7FBFCDED875E}.Release|x64.ActiveCfg = Release|x64
		{882C897D-1280-494A-9ABB-7FBFCDED875E}.Release|x64.Build.0 = Release|x64
		{882C897D-1280-494A-9ABB-7FBFCDED875E}.Release|x86.ActiveCfg = Release|Win32
		{882C897D-1280-494A-9ABB-7FBFCDED875E}.Release|x86.Build.0 = Release|Win32
		{F1CED492-D5EE-4C8D-A6FD-4C67E88F7F13}.Debug|x64.ActiveCfg = Debug|x64
		{F1CED492-D5EE-4C8D-A6FD-4C67E88F7F13}.Debug|x64.Build.0 = Debug|x64
		{F1CED492-D5EE-4C8D-A6FD-4C67E88F7F13}.Debug|x86.ActiveCfg = Debug|Win32
		{F1CED492-D5EE-4C8D-A6FD-4C67E88F7F13}.Debug|x86.Build.0 = Debug|Win32
		{F1CED492-D5EE-4C8D-A6FD-4C67E88F7F13}.Release|x64.ActiveCfg = Release|x64
		{F1CED492-D5EE-4C8D-A6FD-4C67E88F7F13}.Release|x64.Build.0 = Release|x64
		{F1CED492-D5EE-4C8D-A6FD-4C67E88F7F13}.Release|x86.ActiveCfg = Release|Win32
		{F1CED492-D5EE-4C8D-A6FD-4C67E88F7F13}.Release|x86.Build.0 = Release|Win32
		{9F705213-E9CD-458B-BD01-71D82E801840}.Debug|x64.ActiveCfg = Debug|x64
		{9F705213-E9CD-458B-BD01-71D82E801840}.Debug|x64.Build.0 = Debug|x64
		{9F705213-E9CD-458B-BD01-71D82E801840}.Debug|x86.ActiveCfg = Debug|Win32
		{9F705213-E9CD-458B-BD01-71D82E801840}.Debug|x86.Build.0 = Debug|Win32
		{9F705213-E9CD-458B-BD01-71D82E801840}.Release|x64.ActiveCfg = Release|x64
		{9F705213-E9CD-458B-BD01-71D82E801840}.Release|x64.Build.0 = Release|x64
		{9F705213-E9CD-458B-BD01-71D82E801840}.Release|x86.ActiveCfg = Release|Win32
		{9F705213-E9CD-458B-BD01-71D82E801840}.Release|x86.Build.0 = Release|Win32
		{D91941B0-6F79-4EED-A3CE-C4B0C5AA70CA}.Debug|x64.ActiveCfg = Debug|x64
		{D91941B0-6F79-4EED-A3CE-C4B0C5AA70CA}.Debug|x64.Build.0 = Debug|x64
		{D91941B0-6F79-4EED-A3CE-C4B0C5AA70CA}.Debug|x86.ActiveCfg = Debug|Win32
		{D91941B0-6F79-4EED-A3CE-C4B0C5AA70CA}.Debug|x86.Build.0 = Debug|Win32
		{D91941B0-6F79-4EED-A3CE-C4B0C5AA70CA}.Release|x64.ActiveCfg = Release|x64
		{D91941B0-6F79-4EED-A3CE-C4B0C5AA70CA}.Release|x64.Build.0 = Release|x64
		{D91941B0-6F79-4EED-A3CE-C4B0C5AA70CA}.Release|x86.ActiveCfg = Release|Win32
		{D91941B0-6F79-4EED-A3CE-C4B0C5AA70CA}.Release|x86.Build.0 = Release|Win32
		{005ED682-F41D-494F-996C-6B3D36B41835}.Debug|x64.ActiveCfg = Debug|x64
		{005ED682-F41D-494F-996C-6B3D36B41835}.Debug|x64.Build.0 = Debug|x64
		{005ED682-F41D-494F-996C-6B3D36B41835}.Debug|x86.ActiveCfg = Debug|Win32
		{005ED682-F41D-494F-996C-6B3D36B41835}.Debug|x86.Build.0 = Debug|Win32
		{005ED682-F41D-494F-996C-6B3D36B41835}.Release|x64.ActiveCfg = Release|x64
		{005ED682-F41D-494F-996C-6B3D36B41835}.Release|x64.Build.0 = Release|x64
		{005ED682-F41D-494F-996C-6B3D36B41835}.Release|x86.ActiveCfg = Release|Win32
		{005ED682-F41D-494F-996C-6B3D36B41835}.Release|x86.Build.0 = Release|Win32
		{2100671C-ED41-4BA9-859B-4DA59AB86DD5}.Debug|x64.ActiveCfg = Debug|x64
		{2100671C-ED41-4BA9-859B-4DA59AB86DD5}.Debug|x64.Build.0 = Debug|x64
		{2100671C-ED41-4BA9-859B-4DA59AB86DD5}.Debug|x86.ActiveCfg = Debug|Win32
		{2100671C-ED41-4BA9-859B-4DA59AB86DD5}.Debug|x86.Build.0 = Debug|Win32
		{2100671C-ED41-4BA9-859B-4DA59AB86DD5}.Release|x64.ActiveCfg = Release|x64
		{2100671C-ED41-4BA9-859B-4DA59AB86DD5}.Release|x64.Build.0 = Release|x64
		{2100671C-ED41-4BA9-859B-4DA59AB86DD5}.Release|x86.ActiveCfg = Release|Win32
		{2100671C-ED41-4BA9-859B-4DA59AB86DD5}.Release|x86.Build.0 = Release|Win32
		{A4DB1A4E-E136-42C1-8D7C-7855DF8C1F1B}.Debug|x64.ActiveCfg = Debug|x64
		{A4DB1A4E-E136-42C1-8D7C-7855DF8C1F1B}.Debug|x64.Build.0 = Debug|x64
		{A4DB1A4E-E136-42C1-8D7C-7855DF8C1F1B}.Debug|x86.ActiveCfg = Debug|Win32
		{A4DB1A4E-E136-42C1-8D7C-7855DF8C1F1B}.Debug|x86.Build.0 = Debug|Win32
		{A4DB1A4E-E136-42C1-8D7C-7855DF8C1F1B}.Release|x64.ActiveCfg = Release|x64
		{A4DB1A4E-E136-42C1-8D7C-7855DF8C1F1B}.Release|x64.Build.0 = Release|x64
		{A4DB1A4E-E136-42C1-8D7C-7855DF8C1F1B}.Release|x86.ActiveCfg = Release|Win32
		{A4DB1A4E-E136-42C1-8D7C-7855DF8C1F1B}.Release|x86.Build.0 = Release|Win32
		{961753B6-9DA0-4202-BFAA-7BA3877F4379}.Debug|x64.ActiveCfg = Debug|x64
		{961753B6-9DA0-4202-BFAA-7BA3877F4379}.Debug|x64.Build.0 = Debug|x64
		{961753B6-9DA0-4202-BFAA-7BA3877F4379}.Debug|x86.ActiveCfg = Debug|Win32
		{961753B6-9DA0-4202-BFAA-7BA3877F4379}.Debug|x86.Build.0 = Debug|Win32
		{961753B6-9DA0-4202-BFAA-7BA3877F4379}.Release|x64.ActiveCfg = Release|x64
		{961753B6-9DA0-4202-BFAA-7BA3877F4379}.Release|x64.Build.0 = Release|x64
		{961753B6-9DA0-4202-BFAA-7BA3877F4379}.Release|x86.ActiveCfg = Release|Win32
		{961753B6-9DA0-4202-BFAA-7BA3877F4379}.Release|x86.Build.0 = Release|Win32
		{54C1CAD5-2A5C-49E2-9493-4E63086A5047}.Debug|x64.ActiveCfg = Debug|x64
		{54C1CAD5-2A5C-49E2-9493-4E63086A5047}.Debug|x64.Build.0 = Debug|x64
		{54C1CAD5-2A5C-49E2-9493-4E63086A5047}.Debug|x86.ActiveCfg = Debug|Win32
		{54C1CAD5-2A5C-49E2-9493-4E63086A5047}.Debug|x86.Build.0 = Debug|Win32
		{54C1CAD5-2A5C-49E2-9493-4E63086A5047}.Release|x64.ActiveCfg = Release|x64
		{54C1CAD5-2A5C-49E2-9493-4E63086A5047}.Release|x64.Build.0 = Release|x64
		{54C1CAD5-2A5C-49E2-9493-4E63086A5047}.Release|x86.ActiveCfg = Release|Win32
		{54C1CAD5-2A5C-49E2-9493-4E63086A5047}.Release|x86.Build.0 = Release|Win32
		{2E8C9323-8A34-438E-BB39-9BA155F81B75}.Debug|x64.ActiveCfg = Debug|x64
		{2E8C9323-8A34-438E-BB39-9BA155F81B75}.Debug|x64.Build.0 = Debug|x64
		{2E8C9323-8A34-438E-BB39-9BA155F81B75}.Debug|x86.ActiveCfg = Debug|Win32
		{2E8C9323-8A34-438E-BB39-9BA155F81B75}.Debug|x86.Build.0 = Debug|Win32
		{2E8C9323-8A34-438E-BB39-9BA155F81B75}.Release|x64.ActiveCfg = Release|x64
		{2E8C9323-8A34-438E-BB39-9BA155F81B75}.Release|x64.Build.0 = Release|x64
		{2E8C9323-8A34-438E-BB39-9BA155F81B75}.Release|x86.ActiveCfg = Release|Win32
		{2E8C9323-8A34-438E-BB39-9BA155F81B75}.Release|x86.Build.0 = Release|Win32
		{C9A0A172-CB04-4053-A826-548454A85D7E}.Debug|x64.ActiveCfg = Debug|x64
		{C9A0A172-CB04-4053-A826-548454A85D7E}.Debug|x64.Build.0 = Debug|x64
		{C9A0A172-CB04-4053-A826-548454A85D7E}.Debug|x86.ActiveCfg = Debug|Win32
		{C9A0A172-CB04-4053-A826-548454A85D7E}.Debug|x86.Build.0 = Debug|Win32
		{C9A0A172-CB04-4053-A826-548454A85D7E}.Release|x64.ActiveCfg = Release|x64
		{C9A0A172-CB04-4053-A826-548454A85D7E}.Release|x64.Build.0 = Release|x64
		{C9A0A172-CB04-4053-A826-548454A85D7E}.Release|x86.ActiveCfg = Release|Win32
		{C9A0A172-CB04-4053-A826-548454A85D7E}.Release|x86.Build.0 = Release|Win32
		{E52238A7-AF10-420C-80E9-E4BE8D53C3E0}.Debug|x64.ActiveCfg = Debug|x64
		{E52238A7-AF10-420C-80E9-E4BE8D53C3E0}.Debug|x64.Build.0 = Debug|x64
		{E52238A7-AF10-420C-80E9-E4BE8D53C3E0}.Debug|x86.ActiveCfg = Debug|Win32
		{E52238A7-AF10-420C-80E9-E4BE8D53C3E0}.Debug|x86.Build.0 = Debug|Win32
		{E52238A7-AF10-420C-80E9-E4BE8D53C3E0}.Release|x64.ActiveCfg = Release|x64
		{E52238A7-AF10-420C-80E9-E4BE8D53C3E0}.Release|x64.Build.0 = Release|x64
		{E52238A7-AF10-420C-80E9-E4BE8D53C3E0}.Release|x86.ActiveCfg = Release|Win32
		{E52238A7-AF10-420C-80E9-E4BE8D53C3E0}.Release|x86.Build.0 = Release|Win32
		{A3BD473D-FCA2-498C-AB41-B1FC8312EB2C}.Debug|x64.ActiveCfg = Debug|x64
		{A3BD473D-FCA2-498C-AB41-B1FC8312EB2C}.Debug|x64.Build.0 = Debug|x64
		{A3BD473D-FCA2-498C-AB41-B1FC8312EB2C}.Debug|x86.ActiveCfg = Debug|Win32
		{A3BD473D-FCA2-498C-AB41-B1FC8312EB2C}.Debug|x86.Build.0 = Debug|Win32
		{A3BD473D-FCA2-498C-AB41-B1FC8312EB2C}.Release|x64.ActiveCfg = Release|x64
		{A3BD473D-FCA2-498C-AB41-B1FC8312EB2C}.Release|x64.Build.0 = Release|x64
		{A3BD473D-FCA2-498C-AB41-B1FC8312EB2C}.Release|x86.ActiveCfg = Release|Win32
		{A3BD473D-FCA2-498C-AB41-B1FC8312EB2C}.Release|x86.Build.0 = Release|Win32
		{F92DCDE5-C6CF-4828-B59E-C8E99C6BA455}.Debug|x64.ActiveCfg = Debug|x64
		{F92DCDE5-C6CF-4828-B59E-C8E99C6BA455}.Debug|x64.Build.0 = Debug|x64
		{F92DCDE5-C6CF-4828-B59E-C8E99C6BA455}.Debug|x86.ActiveCfg = Debug|Win32
		{F92DCDE5-C6CF-4828-B59E-C8E99C6BA455}.Debug|x86.Build.0 = Debug|Win32
		{F92DCDE5-C6CF-4828-B59E-C8E99C6BA455}.Release|x64.ActiveCfg = Release|x64
		{F92DCDE5-C6CF-4828-B59E-C8E99C6BA455}.Release|x64.Build.0 = Release|x64
		{F92DCDE5-C6CF-4828-B59E-C8E99C6BA455}.Release|x86.ActiveCfg = Release|Win32
		{F92DCDE5-C6CF-4828-B59E-C8E99C6BA455}.Release|x86.Build.0 = Release|Win32
		{CEAEF7F0-38B7-4B1D-81F1-B37344A33306}.Debug|x64.ActiveCfg = Debug|x64
		{CEAEF7F0-38B7-4B1D-81F1-B37344A33306}.Debug|x64.Build.0 = Debug|x64
		{CEAEF7F0-38B7-4B1D-81F1-B37344A33306}.Debug|x86.ActiveCfg = Debug|Win32
		{CEAEF7F0-38B7-4B1D-81F1-B37344A33306}.Debug|x86.Build.0 = Debug|Win32
		{CEAEF7F0-38B7-4B1D-81F1-B37344A33306}.Release|x64.ActiveCfg = Release|x64
		{CEAEF7F0-38B7-4B1D-81F1-B37344A33306}.Release|x64.Build.0 = Release|x64
		{CEAEF7F0-38B7-4B1D-81F1-B37344A33306}.Release|x86.ActiveCfg = Release|Win32
		{CEAEF7F0-38B7-4B1D-81F1-B37344A33306}.Release|x86.Build.0 = Release|Win32
	EndGlobalSection
	GlobalSection(SolutionProperties) = preSolution
		HideSolutionNode = FALSE
	EndGlobalSection
	GlobalSection(ExtensibilityGlobals) = postSolution
		SolutionGuid = {C3E31AFF-847A-457F-83AC-482DA3B0930F}
	EndGlobalSection
EndGlobal
